
Microsoft Visual Studio Solution File, Format Version 12.00
Project("{FAE04EC0-301F-11D3-BF4B-00C04F79EFBC}") = "EditedDll", "EditedDll\EditedDll.csproj", "{F784C523-4CF4-4C95-A894-36239672E471}"
EndProject
Global
	GlobalSection(SolutionConfigurationPlatforms) = preSolution
		Debug|Any CPU = Debug|Any CPU
		Release|Any CPU = Release|Any CPU
	EndGlobalSection
	GlobalSection(ProjectConfigurationPlatforms) = postSolution
		{F784C523-4CF4-4C95-A894-36239672E471}.Debug|Any CPU.ActiveCfg = Debug|Any CPU
		{F784C523-4CF4-4C95-A894-36239672E471}.Debug|Any CPU.Build.0 = Debug|Any CPU
		{F784C523-4CF4-4C95-A894-36239672E471}.Release|Any CPU.ActiveCfg = Release|Any CPU
		{F784C523-4CF4-4C95-A894-36239672E471}.Release|Any CPU.Build.0 = Release|Any CPU
	EndGlobalSection
EndGlobal
